
Microsoft Visual Studio Solution File, Format Version 12.00
# Visual Studio Version 17
VisualStudioVersion = 17.2.32505.173
MinimumVisualStudioVersion = 10.0.40219.1
Project("{9A19103F-16F7-4668-BE54-9A1E7A4F7556}") = "CodingQuestions", "CodingQuestions\CodingQuestions.csproj", "{1C29F682-20EE-4AC9-8F2A-8ACC9905CAB4}"
EndProject
Project("{9A19103F-16F7-4668-BE54-9A1E7A4F7556}") = "Patterns", "Patterns\Patterns.csproj", "{A83D5E1F-5747-4A30-8839-596BB5BEFB2C}"
EndProject
Project("{9A19103F-16F7-4668-BE54-9A1E7A4F7556}") = "Recursion", "Recursion\Recursion.csproj", "{D13348DF-836E-4045-9617-6DD7D407E6CD}"
EndProject
Project("{FAE04EC0-301F-11D3-BF4B-00C04F79EFBC}") = "Hashing", "Hashing\Hashing.csproj", "{87C088D8-2B31-446E-AFF5-0329DE56A56B}"
EndProject
Global
	GlobalSection(SolutionConfigurationPlatforms) = preSolution
		Debug|Any CPU = Debug|Any CPU
		Release|Any CPU = Release|Any CPU
	EndGlobalSection
	GlobalSection(ProjectConfigurationPlatforms) = postSolution
		{1C29F682-20EE-4AC9-8F2A-8ACC9905CAB4}.Debug|Any CPU.ActiveCfg = Debug|Any CPU
		{1C29F682-20EE-4AC9-8F2A-8ACC9905CAB4}.Debug|Any CPU.Build.0 = Debug|Any CPU
		{1C29F682-20EE-4AC9-8F2A-8ACC9905CAB4}.Release|Any CPU.ActiveCfg = Release|Any CPU
		{1C29F682-20EE-4AC9-8F2A-8ACC9905CAB4}.Release|Any CPU.Build.0 = Release|Any CPU
		{A83D5E1F-5747-4A30-8839-596BB5BEFB2C}.Debug|Any CPU.ActiveCfg = Debug|Any CPU
		{A83D5E1F-5747-4A30-8839-596BB5BEFB2C}.Debug|Any CPU.Build.0 = Debug|Any CPU
		{A83D5E1F-5747-4A30-8839-596BB5BEFB2C}.Release|Any CPU.ActiveCfg = Release|Any CPU
		{A83D5E1F-5747-4A30-8839-596BB5BEFB2C}.Release|Any CPU.Build.0 = Release|Any CPU
		{D13348DF-836E-4045-9617-6DD7D407E6CD}.Debug|Any CPU.ActiveCfg = Debug|Any CPU
		{D13348DF-836E-4045-9617-6DD7D407E6CD}.Debug|Any CPU.Build.0 = Debug|Any CPU
		{D13348DF-836E-4045-9617-6DD7D407E6CD}.Release|Any CPU.ActiveCfg = Release|Any CPU
		{D13348DF-836E-4045-9617-6DD7D407E6CD}.Release|Any CPU.Build.0 = Release|Any CPU
		{87C088D8-2B31-446E-AFF5-0329DE56A56B}.Debug|Any CPU.ActiveCfg = Debug|Any CPU
		{87C088D8-2B31-446E-AFF5-0329DE56A56B}.Debug|Any CPU.Build.0 = Debug|Any CPU
		{87C088D8-2B31-446E-AFF5-0329DE56A56B}.Release|Any CPU.ActiveCfg = Release|Any CPU
		{87C088D8-2B31-446E-AFF5-0329DE56A56B}.Release|Any CPU.Build.0 = Release|Any CPU
	EndGlobalSection
	GlobalSection(SolutionProperties) = preSolution
		HideSolutionNode = FALSE
	EndGlobalSection
	GlobalSection(ExtensibilityGlobals) = postSolution
		SolutionGuid = {DBA19816-94A4-4CB5-9D37-81FA4D0FDAF6}
	EndGlobalSection
EndGlobal
